
Microsoft Visual Studio Solution File, Format Version 12.00
# Visual Studio 14
VisualStudioVersion = 14.0.24720.0
MinimumVisualStudioVersion = 10.0.40219.1
Project("{FAE04EC0-301F-11D3-BF4B-00C04F79EFBC}") = "FullCtrl", "FullCtrl\FullCtrl.csproj", "{EBA770E8-FBFC-4ADC-A8D1-259C3DEDCC33}"
EndProject
Project("{FAE04EC0-301F-11D3-BF4B-00C04F79EFBC}") = "FullCtrl.Base", "FullCtrl.Base\FullCtrl.Base.csproj", "{CD84ADA9-E373-49FE-B889-74EE1F1643A7}"
EndProject
Project("{FAE04EC0-301F-11D3-BF4B-00C04F79EFBC}") = "FullCtrl.API", "FullCtrl.API\FullCtrl.API.csproj", "{C259B631-17CD-4123-B520-C8212239535A}"
EndProject
Project("{FAE04EC0-301F-11D3-BF4B-00C04F79EFBC}") = "FullCtrl.Web", "FullCtrl.Web\FullCtrl.Web.csproj", "{09C735D2-DD37-4AF0-8AE1-BF701363D027}"
EndProject
Global
	GlobalSection(SolutionConfigurationPlatforms) = preSolution
		Debug|Any CPU = Debug|Any CPU
		Release|Any CPU = Release|Any CPU
	EndGlobalSection
	GlobalSection(ProjectConfigurationPlatforms) = postSolution
		{EBA770E8-FBFC-4ADC-A8D1-259C3DEDCC33}.Debug|Any CPU.ActiveCfg = Debug|Any CPU
		{EBA770E8-FBFC-4ADC-A8D1-259C3DEDCC33}.Debug|Any CPU.Build.0 = Debug|Any CPU
		{EBA770E8-FBFC-4ADC-A8D1-259C3DEDCC33}.Release|Any CPU.ActiveCfg = Release|Any CPU
		{EBA770E8-FBFC-4ADC-A8D1-259C3DEDCC33}.Release|Any CPU.Build.0 = Release|Any CPU
		{CD84ADA9-E373-49FE-B889-74EE1F1643A7}.Debug|Any CPU.ActiveCfg = Debug|Any CPU
		{CD84ADA9-E373-49FE-B889-74EE1F1643A7}.Debug|Any CPU.Build.0 = Debug|Any CPU
		{CD84ADA9-E373-49FE-B889-74EE1F1643A7}.Release|Any CPU.ActiveCfg = Release|Any CPU
		{CD84ADA9-E373-49FE-B889-74EE1F1643A7}.Release|Any CPU.Build.0 = Release|Any CPU
		{C259B631-17CD-4123-B520-C8212239535A}.Debug|Any CPU.ActiveCfg = Debug|Any CPU
		{C259B631-17CD-4123-B520-C8212239535A}.Debug|Any CPU.Build.0 = Debug|Any CPU
		{C259B631-17CD-4123-B520-C8212239535A}.Release|Any CPU.ActiveCfg = Release|Any CPU
		{C259B631-17CD-4123-B520-C8212239535A}.Release|Any CPU.Build.0 = Release|Any CPU
		{09C735D2-DD37-4AF0-8AE1-BF701363D027}.Debug|Any CPU.ActiveCfg = Debug|Any CPU
		{09C735D2-DD37-4AF0-8AE1-BF701363D027}.Debug|Any CPU.Build.0 = Debug|Any CPU
		{09C735D2-DD37-4AF0-8AE1-BF701363D027}.Release|Any CPU.ActiveCfg = Release|Any CPU
		{09C735D2-DD37-4AF0-8AE1-BF701363D027}.Release|Any CPU.Build.0 = Release|Any CPU
	EndGlobalSection
	GlobalSection(SolutionProperties) = preSolution
		HideSolutionNode = FALSE
	EndGlobalSection
EndGlobal
