
Microsoft Visual Studio Solution File, Format Version 12.00
# Visual Studio 14
VisualStudioVersion = 14.0.24720.0
MinimumVisualStudioVersion = 10.0.40219.1
Project("{FAE04EC0-301F-11D3-BF4B-00C04F79EFBC}") = "Remotus", "Remotus\Remotus.csproj", "{EBA770E8-FBFC-4ADC-A8D1-259C3DEDCC33}"
EndProject
Project("{FAE04EC0-301F-11D3-BF4B-00C04F79EFBC}") = "Remotus.Base", "Remotus.Base\Remotus.Base.csproj", "{CD84ADA9-E373-49FE-B889-74EE1F1643A7}"
EndProject
Project("{FAE04EC0-301F-11D3-BF4B-00C04F79EFBC}") = "Remotus.API", "Remotus.API\Remotus.API.csproj", "{C259B631-17CD-4123-B520-C8212239535A}"
EndProject
Project("{FAE04EC0-301F-11D3-BF4B-00C04F79EFBC}") = "Remotus.Web", "Remotus.Web\Remotus.Web.csproj", "{09C735D2-DD37-4AF0-8AE1-BF701363D027}"
EndProject
Project("{2150E333-8FDC-42A3-9474-1A3956D46DE8}") = "Remotus.Plugins", "Remotus.Plugins", "{6F1B1276-0FF8-4870-A526-1F9934A177F4}"
EndProject
Project("{FAE04EC0-301F-11D3-BF4B-00C04F79EFBC}") = "Remotus.Plugins.Sound", "Remotus.Plugins\Remotus.Plugins.Sound\Remotus.Plugins.Sound.csproj", "{3B22B620-56C3-44E6-8635-4EA1D8B09437}"
EndProject
Project("{FAE04EC0-301F-11D3-BF4B-00C04F79EFBC}") = "Remotus.Plugins.Process", "Remotus.Plugins\Remotus.Plugins.Process\Remotus.Plugins.Process.csproj", "{1A5291C5-BBB7-4924-BC67-8EE3D6FC5BF4}"
EndProject
Project("{FAE04EC0-301F-11D3-BF4B-00C04F79EFBC}") = "Remotus.Plugins.Spotify", "Plugins\Remotus.Plugins.Spotify\Remotus.Plugins.Spotify.csproj", "{42BE24E3-F30D-468D-A304-B3214E46779F}"
EndProject
Project("{FAE04EC0-301F-11D3-BF4B-00C04F79EFBC}") = "Remotus.Web.Tests", "Remotus.Web.Tests\Remotus.Web.Tests.csproj", "{9329460C-6D0C-4EC3-B85F-D9A17069E3DA}"
EndProject
Project("{2150E333-8FDC-42A3-9474-1A3956D46DE8}") = "_Solution items", "_Solution items", "{05946EC1-BBE0-4F35-977D-B14D669A46D8}"
	ProjectSection(SolutionItems) = preProject
		SharedAssemblyInfo.cs = SharedAssemblyInfo.cs
	EndProjectSection
EndProject
Project("{FAE04EC0-301F-11D3-BF4B-00C04F79EFBC}") = "Remotus.Plugins.Services", "Remotus.Plugins.Services\Remotus.Plugins.Services.csproj", "{63821537-6B6F-4412-BA4E-5799D51AEF01}"
EndProject
Global
	GlobalSection(SolutionConfigurationPlatforms) = preSolution
		Debug|Any CPU = Debug|Any CPU
		Release|Any CPU = Release|Any CPU
	EndGlobalSection
	GlobalSection(ProjectConfigurationPlatforms) = postSolution
		{EBA770E8-FBFC-4ADC-A8D1-259C3DEDCC33}.Debug|Any CPU.ActiveCfg = Debug|Any CPU
		{EBA770E8-FBFC-4ADC-A8D1-259C3DEDCC33}.Debug|Any CPU.Build.0 = Debug|Any CPU
		{EBA770E8-FBFC-4ADC-A8D1-259C3DEDCC33}.Release|Any CPU.ActiveCfg = Release|Any CPU
		{EBA770E8-FBFC-4ADC-A8D1-259C3DEDCC33}.Release|Any CPU.Build.0 = Release|Any CPU
		{CD84ADA9-E373-49FE-B889-74EE1F1643A7}.Debug|Any CPU.ActiveCfg = Debug|Any CPU
		{CD84ADA9-E373-49FE-B889-74EE1F1643A7}.Debug|Any CPU.Build.0 = Debug|Any CPU
		{CD84ADA9-E373-49FE-B889-74EE1F1643A7}.Release|Any CPU.ActiveCfg = Release|Any CPU
		{CD84ADA9-E373-49FE-B889-74EE1F1643A7}.Release|Any CPU.Build.0 = Release|Any CPU
		{C259B631-17CD-4123-B520-C8212239535A}.Debug|Any CPU.ActiveCfg = Debug|Any CPU
		{C259B631-17CD-4123-B520-C8212239535A}.Debug|Any CPU.Build.0 = Debug|Any CPU
		{C259B631-17CD-4123-B520-C8212239535A}.Release|Any CPU.ActiveCfg = Release|Any CPU
		{C259B631-17CD-4123-B520-C8212239535A}.Release|Any CPU.Build.0 = Release|Any CPU
		{09C735D2-DD37-4AF0-8AE1-BF701363D027}.Debug|Any CPU.ActiveCfg = Debug|Any CPU
		{09C735D2-DD37-4AF0-8AE1-BF701363D027}.Debug|Any CPU.Build.0 = Debug|Any CPU
		{09C735D2-DD37-4AF0-8AE1-BF701363D027}.Release|Any CPU.ActiveCfg = Release|Any CPU
		{09C735D2-DD37-4AF0-8AE1-BF701363D027}.Release|Any CPU.Build.0 = Release|Any CPU
		{3B22B620-56C3-44E6-8635-4EA1D8B09437}.Debug|Any CPU.ActiveCfg = Debug|Any CPU
		{3B22B620-56C3-44E6-8635-4EA1D8B09437}.Debug|Any CPU.Build.0 = Debug|Any CPU
		{3B22B620-56C3-44E6-8635-4EA1D8B09437}.Release|Any CPU.ActiveCfg = Release|Any CPU
		{3B22B620-56C3-44E6-8635-4EA1D8B09437}.Release|Any CPU.Build.0 = Release|Any CPU
		{1A5291C5-BBB7-4924-BC67-8EE3D6FC5BF4}.Debug|Any CPU.ActiveCfg = Debug|Any CPU
		{1A5291C5-BBB7-4924-BC67-8EE3D6FC5BF4}.Debug|Any CPU.Build.0 = Debug|Any CPU
		{1A5291C5-BBB7-4924-BC67-8EE3D6FC5BF4}.Release|Any CPU.ActiveCfg = Release|Any CPU
		{1A5291C5-BBB7-4924-BC67-8EE3D6FC5BF4}.Release|Any CPU.Build.0 = Release|Any CPU
		{42BE24E3-F30D-468D-A304-B3214E46779F}.Debug|Any CPU.ActiveCfg = Debug|Any CPU
		{42BE24E3-F30D-468D-A304-B3214E46779F}.Debug|Any CPU.Build.0 = Debug|Any CPU
		{42BE24E3-F30D-468D-A304-B3214E46779F}.Release|Any CPU.ActiveCfg = Release|Any CPU
		{42BE24E3-F30D-468D-A304-B3214E46779F}.Release|Any CPU.Build.0 = Release|Any CPU
		{9329460C-6D0C-4EC3-B85F-D9A17069E3DA}.Debug|Any CPU.ActiveCfg = Debug|Any CPU
		{9329460C-6D0C-4EC3-B85F-D9A17069E3DA}.Debug|Any CPU.Build.0 = Debug|Any CPU
		{9329460C-6D0C-4EC3-B85F-D9A17069E3DA}.Release|Any CPU.ActiveCfg = Release|Any CPU
		{9329460C-6D0C-4EC3-B85F-D9A17069E3DA}.Release|Any CPU.Build.0 = Release|Any CPU
		{63821537-6B6F-4412-BA4E-5799D51AEF01}.Debug|Any CPU.ActiveCfg = Debug|Any CPU
		{63821537-6B6F-4412-BA4E-5799D51AEF01}.Debug|Any CPU.Build.0 = Debug|Any CPU
		{63821537-6B6F-4412-BA4E-5799D51AEF01}.Release|Any CPU.ActiveCfg = Release|Any CPU
		{63821537-6B6F-4412-BA4E-5799D51AEF01}.Release|Any CPU.Build.0 = Release|Any CPU
	EndGlobalSection
	GlobalSection(SolutionProperties) = preSolution
		HideSolutionNode = FALSE
	EndGlobalSection
	GlobalSection(NestedProjects) = preSolution
		{3B22B620-56C3-44E6-8635-4EA1D8B09437} = {6F1B1276-0FF8-4870-A526-1F9934A177F4}
		{1A5291C5-BBB7-4924-BC67-8EE3D6FC5BF4} = {6F1B1276-0FF8-4870-A526-1F9934A177F4}
		{42BE24E3-F30D-468D-A304-B3214E46779F} = {6F1B1276-0FF8-4870-A526-1F9934A177F4}
		{63821537-6B6F-4412-BA4E-5799D51AEF01} = {6F1B1276-0FF8-4870-A526-1F9934A177F4}
	EndGlobalSection
EndGlobal
